{
  "name": "server-http2-demo",
  "version": "1.0.0",
  "lockfileVersion": 1,
  "requires": true,
  "dependencies": {
    "abstract-logging": {
      "version": "1.0.0",
      "resolved": "http://registry.npm.baidu-int.com/abstract-logging/-/abstract-logging-1.0.0.tgz",
      "integrity": "sha1-i33q/TEFWbwo93ck3RuzAXcnjBs="
    },
    "ajv": {
      "version": "6.9.2",
      "resolved": "http://registry.npm.baidu-int.com/ajv/-/ajv-6.9.2.tgz",
      "integrity": "sha1-SSetuD5/SOWjK0Vyl0THHsOcnHs=",
      "requires": {
        "fast-deep-equal": "^2.0.1",
        "fast-json-stable-stringify": "^2.0.0",
        "json-schema-traverse": "^0.4.1",
        "uri-js": "^4.2.2"
      }
    },
    "avvio": {
      "version": "6.0.1",
      "resolved": "http://registry.npm.baidu-int.com/avvio/-/avvio-6.0.1.tgz",
      "integrity": "sha1-uv15yc+kWiJ+qsIQCTyL+M8OHnU=",
      "requires": {
        "debug": "^4.0.0",
        "fastq": "^1.6.0"
      }
    },
    "bourne": {
      "version": "1.1.2",
      "resolved": "http://registry.npm.baidu-int.com/bourne/-/bourne-1.1.2.tgz",
      "integrity": "sha1-4pC1vXFmY1Yy6vjvErAGstSnW4M="
    },
    "debug": {
      "version": "4.1.1",
      "resolved": "http://registry.npm.baidu-int.com/debug/-/debug-4.1.1.tgz",
      "integrity": "sha1-O3ImAlUQnGtYnO4FDx1RYTlmR5E=",
      "requires": {
        "ms": "^2.1.1"
      }
    },
    "deepmerge": {
      "version": "3.2.0",
      "resolved": "http://registry.npm.baidu-int.com/deepmerge/-/deepmerge-3.2.0.tgz",
      "integrity": "sha1-WO9GOlfAjTdlR/iGn9xbzulX9E4="
    },
    "fast-decode-uri-component": {
      "version": "1.0.0",
      "resolved": "http://registry.npm.baidu-int.com/fast-decode-uri-component/-/fast-decode-uri-component-1.0.0.tgz",
      "integrity": "sha512-WQSYVKn6tDW/3htASeUkrx5LcnuTENQIZQPCVlwdnvIJ7bYtSpoJYq38MgUJnx1CQIR1gjZ8HJxAEcN4gqugBg=="
    },
    "fast-deep-equal": {
      "version": "2.0.1",
      "resolved": "http://registry.npm.baidu-int.com/fast-deep-equal/-/fast-deep-equal-2.0.1.tgz",
      "integrity": "sha1-ewUhjd+WZ79/Nwv3/bLLFf3Qqkk="
    },
    "fast-json-stable-stringify": {
      "version": "2.0.0",
      "resolved": "http://registry.npm.baidu-int.com/fast-json-stable-stringify/-/fast-json-stable-stringify-2.0.0.tgz",
      "integrity": "sha1-1RQsDK7msRifh9OnYREGT4bIu/I="
    },
    "fast-json-stringify": {
      "version": "1.11.0",
      "resolved": "http://registry.npm.baidu-int.com/fast-json-stringify/-/fast-json-stringify-1.11.0.tgz",
      "integrity": "sha1-3n9RR+BEuTe8V0i5ExQO/EfBYrc=",
      "requires": {
        "ajv": "^6.8.1",
        "deepmerge": "^3.0.0"
      }
    },
    "fast-redact": {
      "version": "1.4.4",
      "resolved": "http://registry.npm.baidu-int.com/fast-redact/-/fast-redact-1.4.4.tgz",
      "integrity": "sha1-0pvR0Mw6uAip1PmHD24n6Fx1DbQ="
    },
    "fast-safe-stringify": {
      "version": "2.0.6",
      "resolved": "http://registry.npm.baidu-int.com/fast-safe-stringify/-/fast-safe-stringify-2.0.6.tgz",
      "integrity": "sha512-q8BZ89jjc+mz08rSxROs8VsrBBcn1SIw1kq9NjolL509tkABRk9io01RAjSaEv1Xb2uFLt8VtRiZbGp5H8iDtg=="
    },
    "fastify": {
      "version": "2.0.0",
      "resolved": "http://registry.npm.baidu-int.com/fastify/-/fastify-2.0.0.tgz",
      "integrity": "sha1-X0xYZx0rccR0q2bv2d5l+zLYNbU=",
      "requires": {
        "abstract-logging": "^1.0.0",
        "ajv": "^6.9.1",
        "avvio": "^6.0.1",
        "bourne": "^1.1.2",
        "fast-json-stringify": "^1.11.0",
        "find-my-way": "^2.0.0",
        "flatstr": "^1.0.9",
        "light-my-request": "^3.2.0",
        "middie": "^4.0.1",
        "pino": "^5.11.1",
        "proxy-addr": "^2.0.4",
        "readable-stream": "^3.1.1",
        "tiny-lru": "^6.0.1"
      }
    },
    "fastq": {
      "version": "1.6.0",
      "resolved": "http://registry.npm.baidu-int.com/fastq/-/fastq-1.6.0.tgz",
      "integrity": "sha512-jmxqQ3Z/nXoeyDmWAzF9kH1aGZSis6e/SbfPmJpUnyZ0ogr6iscHQaml4wsEepEWSdtmpy+eVXmCRIMpxaXqOA==",
      "requires": {
        "reusify": "^1.0.0"
      }
    },
    "find-my-way": {
      "version": "2.2.5",
      "resolved": "https://registry.npmjs.org/find-my-way/-/find-my-way-2.2.5.tgz",
      "integrity": "sha512-GjRZZlGcGmTh9t+6Xrj5K0YprpoAFCAiCPgmAH9Kb09O4oX6hYuckDfnDipYj+Q7B1GtYWSzDI5HEecNYscLQg==",
      "requires": {
        "fast-decode-uri-component": "^1.0.0",
        "safe-regex2": "^2.0.0",
        "semver-store": "^0.3.0"
      }
    },
    "flatstr": {
      "version": "1.0.9",
      "resolved": "http://registry.npm.baidu-int.com/flatstr/-/flatstr-1.0.9.tgz",
      "integrity": "sha1-CVDVb+wC3hAwwTEYR+zVjCVpDrk="
    },
    "forwarded": {
      "version": "0.1.2",
      "resolved": "http://registry.npm.baidu-int.com/forwarded/-/forwarded-0.1.2.tgz",
      "integrity": "sha1-mMI9qxF1ZXuMBXPozszZGw/xjIQ="
    },
    "inherits": {
      "version": "2.0.3",
      "resolved": "http://registry.npm.baidu-int.com/inherits/-/inherits-2.0.3.tgz",
      "integrity": "sha1-Yzwsg+PaQqUC9SRmAiSA9CCCYd4="
    },
    "ipaddr.js": {
      "version": "1.8.0",
      "resolved": "http://registry.npm.baidu-int.com/ipaddr.js/-/ipaddr.js-1.8.0.tgz",
      "integrity": "sha1-6qM9bd16zo9/b+DJygRA5wZzix4="
    },
    "json-schema-traverse": {
      "version": "0.4.1",
      "resolved": "http://registry.npm.baidu-int.com/json-schema-traverse/-/json-schema-traverse-0.4.1.tgz",
      "integrity": "sha512-xbbCH5dCYU5T8LcEhhuh7HJ88HXuW3qsI3Y0zOZFKfZEHcpWiHU/Jxzk629Brsab/mMiHQti9wMP+845RPe3Vg=="
    },
    "light-my-request": {
      "version": "3.2.0",
      "resolved": "http://registry.npm.baidu-int.com/light-my-request/-/light-my-request-3.2.0.tgz",
      "integrity": "sha1-Ls9FAIt6cRKkruBULwppt6X6NcA=",
      "requires": {
        "ajv": "^6.8.1",
        "readable-stream": "^3.1.1"
      }
    },
    "middie": {
      "version": "4.0.1",
      "resolved": "http://registry.npm.baidu-int.com/middie/-/middie-4.0.1.tgz",
      "integrity": "sha1-JLQzMDSSbr14Me1Ydm0FDBzmMAo=",
      "requires": {
        "path-to-regexp": "^3.0.0",
        "reusify": "^1.0.2"
      }
    },
    "ms": {
      "version": "2.1.1",
      "resolved": "http://registry.npm.baidu-int.com/ms/-/ms-2.1.1.tgz",
      "integrity": "sha1-MKWGTrPrsKZvLr5tcnrwagnYbgo="
    },
    "path-to-regexp": {
      "version": "3.0.0",
      "resolved": "http://registry.npm.baidu-int.com/path-to-regexp/-/path-to-regexp-3.0.0.tgz",
      "integrity": "sha1-yYGiGPPfVD+ihpa+L4jgxY0uASo="
    },
    "pino": {
      "version": "5.11.1",
      "resolved": "http://registry.npm.baidu-int.com/pino/-/pino-5.11.1.tgz",
      "integrity": "sha1-LW2O2368fDVL4Dv6BP1DY1Lh1ns=",
      "requires": {
        "fast-redact": "^1.4.2",
        "fast-safe-stringify": "^2.0.6",
        "flatstr": "^1.0.9",
        "pino-std-serializers": "^2.3.0",
        "quick-format-unescaped": "^3.0.0",
        "sonic-boom": "^0.7.1"
      }
    },
    "pino-std-serializers": {
      "version": "2.3.0",
      "resolved": "http://registry.npm.baidu-int.com/pino-std-serializers/-/pino-std-serializers-2.3.0.tgz",
      "integrity": "sha512-klfGoOsP6sJH7ON796G4xoUSx2fkpFgKHO4YVVO2zmz31jR+etzc/QzGJILaOIiCD6HTCFgkPx+XN8nk+ruqPw=="
    },
    "proxy-addr": {
      "version": "2.0.4",
      "resolved": "http://registry.npm.baidu-int.com/proxy-addr/-/proxy-addr-2.0.4.tgz",
      "integrity": "sha512-5erio2h9jp5CHGwcybmxmVqHmnCBZeewlfJ0pex+UW7Qny7OOZXTtH56TGNyBizkgiOwhJtMKrVzDTeKcySZwA==",
      "requires": {
        "forwarded": "~0.1.2",
        "ipaddr.js": "1.8.0"
      }
    },
    "punycode": {
      "version": "2.1.1",
      "resolved": "http://registry.npm.baidu-int.com/punycode/-/punycode-2.1.1.tgz",
      "integrity": "sha512-XRsRjdf+j5ml+y/6GKHPZbrF/8p2Yga0JPtdqTIY2Xe5ohJPD9saDJJLPvp9+NSBprVvevdXZybnj2cv8OEd0A=="
    },
    "quick-format-unescaped": {
      "version": "3.0.2",
      "resolved": "http://registry.npm.baidu-int.com/quick-format-unescaped/-/quick-format-unescaped-3.0.2.tgz",
      "integrity": "sha1-ATfpTY+zf/63AEBTURHDeOdTlvs="
    },
    "readable-stream": {
      "version": "3.1.1",
      "resolved": "http://registry.npm.baidu-int.com/readable-stream/-/readable-stream-3.1.1.tgz",
      "integrity": "sha1-7Wu8bFuliwkAOf8YzmcFFXla6wY=",
      "requires": {
        "inherits": "^2.0.3",
        "string_decoder": "^1.1.1",
        "util-deprecate": "^1.0.1"
      }
    },
    "ret": {
      "version": "0.2.2",
      "resolved": "http://registry.npm.baidu-int.com/ret/-/ret-0.2.2.tgz",
      "integrity": "sha1-toYXgqH0di3OQ0Aqcet6KD9EVzw="
    },
    "reusify": {
      "version": "1.0.4",
      "resolved": "http://registry.npm.baidu-int.com/reusify/-/reusify-1.0.4.tgz",
      "integrity": "sha512-U9nH88a3fc/ekCF1l0/UP1IosiuIjyTh7hBvXVMHYgVcfGvt897Xguj2UOLDeI5BG2m7/uwyaLVT6fbtCwTyzw=="
    },
    "safe-buffer": {
      "version": "5.1.2",
      "resolved": "http://registry.npm.baidu-int.com/safe-buffer/-/safe-buffer-5.1.2.tgz",
      "integrity": "sha512-Gd2UZBJDkXlY7GbJxfsE8/nvKkUEU1G38c1siN6QP6a9PT9MmHB8GnpscSmMJSoF8LOIrt8ud/wPtojys4G6+g=="
    },
    "safe-regex2": {
      "version": "2.0.0",
      "resolved": "http://registry.npm.baidu-int.com/safe-regex2/-/safe-regex2-2.0.0.tgz",
      "integrity": "sha1-sodSTDl8eimURwNn4BheGRax9bk=",
      "requires": {
        "ret": "~0.2.0"
      }
    },
    "semver-store": {
      "version": "0.3.0",
      "resolved": "http://registry.npm.baidu-int.com/semver-store/-/semver-store-0.3.0.tgz",
      "integrity": "sha512-TcZvGMMy9vodEFSse30lWinkj+JgOBvPn8wRItpQRSayhc+4ssDs335uklkfvQQJgL/WvmHLVj4Ycv2s7QCQMg=="
    },
    "sonic-boom": {
      "version": "0.7.3",
      "resolved": "http://registry.npm.baidu-int.com/sonic-boom/-/sonic-boom-0.7.3.tgz",
      "integrity": "sha1-y/wY6HwrgHiwDjitlHXAX85eppY=",
      "requires": {
        "flatstr": "^1.0.9"
      }
    },
    "string_decoder": {
      "version": "1.2.0",
      "resolved": "http://registry.npm.baidu-int.com/string_decoder/-/string_decoder-1.2.0.tgz",
      "integrity": "sha1-/obnOLGVRK/nBGkkOyoe6SQOro0=",
      "requires": {
        "safe-buffer": "~5.1.0"
      }
    },
    "tiny-lru": {
      "version": "6.0.1",
      "resolved": "http://registry.npm.baidu-int.com/tiny-lru/-/tiny-lru-6.0.1.tgz",
      "integrity": "sha1-VYvWtyMri536SCFHU5Z2/ddaOgc="
    },
    "uri-js": {
      "version": "4.2.2",
      "resolved": "http://registry.npm.baidu-int.com/uri-js/-/uri-js-4.2.2.tgz",
      "integrity": "sha512-KY9Frmirql91X2Qgjry0Wd4Y+YTdrdZheS8TFwvkbLWf/G5KNJDCh6pKL5OZctEW4+0Baa5idK2ZQuELRwPznQ==",
      "requires": {
        "punycode": "^2.1.0"
      }
    },
    "util-deprecate": {
      "version": "1.0.2",
      "resolved": "http://registry.npm.baidu-int.com/util-deprecate/-/util-deprecate-1.0.2.tgz",
      "integrity": "sha1-RQ1Nyfpw3nMnYvvS1KKJgUGaDM8="
    }
  }
}
