# THIS IS AN AUTOGENERATED FILE. DO NOT EDIT THIS FILE DIRECTLY.
# yarn lockfile v1


"@ampproject/remapping@^2.1.0":
  version "2.2.0"
  resolved "https://registry.npmmirror.com/@ampproject/remapping/-/remapping-2.2.0.tgz"
  dependencies:
    "@jridgewell/gen-mapping" "^0.1.0"
    "@jridgewell/trace-mapping" "^0.3.9"

"@babel/code-frame@^7.16.7":
  version "7.16.7"
  resolved "https://registry.npmmirror.com/@babel/code-frame/-/code-frame-7.16.7.tgz"
  dependencies:
    "@babel/highlight" "^7.16.7"

"@babel/compat-data@^7.17.10":
  version "7.17.10"
  resolved "https://registry.npmmirror.com/@babel/compat-data/-/compat-data-7.17.10.tgz"

"@babel/core@^7.17.10":
  version "7.17.10"
  resolved "https://registry.npmmirror.com/@babel/core/-/core-7.17.10.tgz"
  dependencies:
    "@ampproject/remapping" "^2.1.0"
    "@babel/code-frame" "^7.16.7"
    "@babel/generator" "^7.17.10"
    "@babel/helper-compilation-targets" "^7.17.10"
    "@babel/helper-module-transforms" "^7.17.7"
    "@babel/helpers" "^7.17.9"
    "@babel/parser" "^7.17.10"
    "@babel/template" "^7.16.7"
    "@babel/traverse" "^7.17.10"
    "@babel/types" "^7.17.10"
    convert-source-map "^1.7.0"
    debug "^4.1.0"
    gensync "^1.0.0-beta.2"
    json5 "^2.2.1"
    semver "^6.3.0"

"@babel/generator@^7.17.10":
  version "7.17.10"
  resolved "https://registry.npmmirror.com/@babel/generator/-/generator-7.17.10.tgz"
  dependencies:
    "@babel/types" "^7.17.10"
    "@jridgewell/gen-mapping" "^0.1.0"
    jsesc "^2.5.1"

"@babel/helper-annotate-as-pure@^7.16.7":
  version "7.16.7"
  resolved "https://registry.npmmirror.com/@babel/helper-annotate-as-pure/-/helper-annotate-as-pure-7.16.7.tgz"
  dependencies:
    "@babel/types" "^7.16.7"

"@babel/helper-compilation-targets@^7.17.10":
  version "7.17.10"
  resolved "https://registry.npmmirror.com/@babel/helper-compilation-targets/-/helper-compilation-targets-7.17.10.tgz"
  dependencies:
    "@babel/compat-data" "^7.17.10"
    "@babel/helper-validator-option" "^7.16.7"
    browserslist "^4.20.2"
    semver "^6.3.0"

"@babel/helper-environment-visitor@^7.16.7":
  version "7.16.7"
  resolved "https://registry.npmmirror.com/@babel/helper-environment-visitor/-/helper-environment-visitor-7.16.7.tgz"
  dependencies:
    "@babel/types" "^7.16.7"

"@babel/helper-function-name@^7.17.9":
  version "7.17.9"
  resolved "https://registry.npmmirror.com/@babel/helper-function-name/-/helper-function-name-7.17.9.tgz"
  dependencies:
    "@babel/template" "^7.16.7"
    "@babel/types" "^7.17.0"

"@babel/helper-hoist-variables@^7.16.7":
  version "7.16.7"
  resolved "https://registry.npmmirror.com/@babel/helper-hoist-variables/-/helper-hoist-variables-7.16.7.tgz"
  dependencies:
    "@babel/types" "^7.16.7"

"@babel/helper-module-imports@^7.16.7":
  version "7.16.7"
  resolved "https://registry.npmmirror.com/@babel/helper-module-imports/-/helper-module-imports-7.16.7.tgz"
  dependencies:
    "@babel/types" "^7.16.7"

"@babel/helper-module-transforms@^7.17.7":
  version "7.17.7"
  resolved "https://registry.npmmirror.com/@babel/helper-module-transforms/-/helper-module-transforms-7.17.7.tgz"
  dependencies:
    "@babel/helper-environment-visitor" "^7.16.7"
    "@babel/helper-module-imports" "^7.16.7"
    "@babel/helper-simple-access" "^7.17.7"
    "@babel/helper-split-export-declaration" "^7.16.7"
    "@babel/helper-validator-identifier" "^7.16.7"
    "@babel/template" "^7.16.7"
    "@babel/traverse" "^7.17.3"
    "@babel/types" "^7.17.0"

"@babel/helper-plugin-utils@^7.16.7":
  version "7.16.7"
  resolved "https://registry.npmmirror.com/@babel/helper-plugin-utils/-/helper-plugin-utils-7.16.7.tgz"

"@babel/helper-simple-access@^7.17.7":
  version "7.17.7"
  resolved "https://registry.npmmirror.com/@babel/helper-simple-access/-/helper-simple-access-7.17.7.tgz"
  dependencies:
    "@babel/types" "^7.17.0"

"@babel/helper-split-export-declaration@^7.16.7":
  version "7.16.7"
  resolved "https://registry.npmmirror.com/@babel/helper-split-export-declaration/-/helper-split-export-declaration-7.16.7.tgz"
  dependencies:
    "@babel/types" "^7.16.7"

"@babel/helper-validator-identifier@^7.16.7":
  version "7.16.7"
  resolved "https://registry.npmmirror.com/@babel/helper-validator-identifier/-/helper-validator-identifier-7.16.7.tgz"

"@babel/helper-validator-option@^7.16.7":
  version "7.16.7"
  resolved "https://registry.npmmirror.com/@babel/helper-validator-option/-/helper-validator-option-7.16.7.tgz"

"@babel/helpers@^7.17.9":
  version "7.17.9"
  resolved "https://registry.npmmirror.com/@babel/helpers/-/helpers-7.17.9.tgz"
  dependencies:
    "@babel/template" "^7.16.7"
    "@babel/traverse" "^7.17.9"
    "@babel/types" "^7.17.0"

"@babel/highlight@^7.16.7":
  version "7.17.9"
  resolved "https://registry.npmmirror.com/@babel/highlight/-/highlight-7.17.9.tgz"
  dependencies:
    "@babel/helper-validator-identifier" "^7.16.7"
    chalk "^2.0.0"
    js-tokens "^4.0.0"

"@babel/parser@^7.16.7", "@babel/parser@^7.17.10":
  version "7.17.10"
  resolved "https://registry.npmmirror.com/@babel/parser/-/parser-7.17.10.tgz"

"@babel/plugin-syntax-jsx@^7.16.7":
  version "7.16.7"
  resolved "https://registry.npmmirror.com/@babel/plugin-syntax-jsx/-/plugin-syntax-jsx-7.16.7.tgz"
  dependencies:
    "@babel/helper-plugin-utils" "^7.16.7"

"@babel/plugin-transform-react-jsx-development@^7.16.7":
  version "7.16.7"
  resolved "https://registry.npmmirror.com/@babel/plugin-transform-react-jsx-development/-/plugin-transform-react-jsx-development-7.16.7.tgz"
  dependencies:
    "@babel/plugin-transform-react-jsx" "^7.16.7"

"@babel/plugin-transform-react-jsx-self@^7.16.7":
  version "7.16.7"
  resolved "https://registry.npmmirror.com/@babel/plugin-transform-react-jsx-self/-/plugin-transform-react-jsx-self-7.16.7.tgz"
  dependencies:
    "@babel/helper-plugin-utils" "^7.16.7"

"@babel/plugin-transform-react-jsx-source@^7.16.7":
  version "7.16.7"
  resolved "https://registry.npmmirror.com/@babel/plugin-transform-react-jsx-source/-/plugin-transform-react-jsx-source-7.16.7.tgz"
  dependencies:
    "@babel/helper-plugin-utils" "^7.16.7"

"@babel/plugin-transform-react-jsx@^7.16.7", "@babel/plugin-transform-react-jsx@^7.17.3":
  version "7.17.3"
  resolved "https://registry.npmmirror.com/@babel/plugin-transform-react-jsx/-/plugin-transform-react-jsx-7.17.3.tgz"
  dependencies:
    "@babel/helper-annotate-as-pure" "^7.16.7"
    "@babel/helper-module-imports" "^7.16.7"
    "@babel/helper-plugin-utils" "^7.16.7"
    "@babel/plugin-syntax-jsx" "^7.16.7"
    "@babel/types" "^7.17.0"

"@babel/runtime@^7.7.6":
  version "7.17.9"
  resolved "https://registry.npmmirror.com/@babel/runtime/-/runtime-7.17.9.tgz"
  dependencies:
    regenerator-runtime "^0.13.4"

"@babel/template@^7.16.7":
  version "7.16.7"
  resolved "https://registry.npmmirror.com/@babel/template/-/template-7.16.7.tgz"
  dependencies:
    "@babel/code-frame" "^7.16.7"
    "@babel/parser" "^7.16.7"
    "@babel/types" "^7.16.7"

"@babel/traverse@^7.17.10", "@babel/traverse@^7.17.3", "@babel/traverse@^7.17.9":
  version "7.17.10"
  resolved "https://registry.npmmirror.com/@babel/traverse/-/traverse-7.17.10.tgz"
  dependencies:
    "@babel/code-frame" "^7.16.7"
    "@babel/generator" "^7.17.10"
    "@babel/helper-environment-visitor" "^7.16.7"
    "@babel/helper-function-name" "^7.17.9"
    "@babel/helper-hoist-variables" "^7.16.7"
    "@babel/helper-split-export-declaration" "^7.16.7"
    "@babel/parser" "^7.17.10"
    "@babel/types" "^7.17.10"
    debug "^4.1.0"
    globals "^11.1.0"

"@babel/types@^7.16.7", "@babel/types@^7.17.0", "@babel/types@^7.17.10":
  version "7.17.10"
  resolved "https://registry.npmmirror.com/@babel/types/-/types-7.17.10.tgz"
  dependencies:
    "@babel/helper-validator-identifier" "^7.16.7"
    to-fast-properties "^2.0.0"

"@jridgewell/gen-mapping@^0.1.0":
  version "0.1.1"
  resolved "https://registry.npmmirror.com/@jridgewell/gen-mapping/-/gen-mapping-0.1.1.tgz"
  dependencies:
    "@jridgewell/set-array" "^1.0.0"
    "@jridgewell/sourcemap-codec" "^1.4.10"

"@jridgewell/resolve-uri@^3.0.3":
  version "3.0.6"
  resolved "https://registry.npmmirror.com/@jridgewell/resolve-uri/-/resolve-uri-3.0.6.tgz"

"@jridgewell/set-array@^1.0.0":
  version "1.1.0"
  resolved "https://registry.npmmirror.com/@jridgewell/set-array/-/set-array-1.1.0.tgz"

"@jridgewell/sourcemap-codec@^1.4.10":
  version "1.4.12"
  resolved "https://registry.npmmirror.com/@jridgewell/sourcemap-codec/-/sourcemap-codec-1.4.12.tgz"

"@jridgewell/trace-mapping@^0.3.9":
  version "0.3.9"
  resolved "https://registry.npmmirror.com/@jridgewell/trace-mapping/-/trace-mapping-0.3.9.tgz"
  dependencies:
    "@jridgewell/resolve-uri" "^3.0.3"
    "@jridgewell/sourcemap-codec" "^1.4.10"

"@rollup/pluginutils@^4.2.1":
  version "4.2.1"
  resolved "https://registry.npmmirror.com/@rollup/pluginutils/-/pluginutils-4.2.1.tgz"
  dependencies:
    estree-walker "^2.0.1"
    picomatch "^2.2.2"

"@types/prop-types@*":
  version "15.7.5"
  resolved "https://registry.npmmirror.com/@types/prop-types/-/prop-types-15.7.5.tgz"

"@types/react-dom@^18.0.0":
  version "18.0.3"
  resolved "https://registry.npmmirror.com/@types/react-dom/-/react-dom-18.0.3.tgz"
  dependencies:
    "@types/react" "*"

"@types/react@*", "@types/react@^18.0.0":
  version "18.0.8"
  resolved "https://registry.npmmirror.com/@types/react/-/react-18.0.8.tgz"
  dependencies:
    "@types/prop-types" "*"
    "@types/scheduler" "*"
    csstype "^3.0.2"

"@types/scheduler@*":
  version "0.16.2"
  resolved "https://registry.npmmirror.com/@types/scheduler/-/scheduler-0.16.2.tgz"

"@vitejs/plugin-react@^1.3.0":
  version "1.3.2"
  resolved "https://registry.npmmirror.com/@vitejs/plugin-react/-/plugin-react-1.3.2.tgz"
  dependencies:
    "@babel/core" "^7.17.10"
    "@babel/plugin-transform-react-jsx" "^7.17.3"
    "@babel/plugin-transform-react-jsx-development" "^7.16.7"
    "@babel/plugin-transform-react-jsx-self" "^7.16.7"
    "@babel/plugin-transform-react-jsx-source" "^7.16.7"
    "@rollup/pluginutils" "^4.2.1"
    react-refresh "^0.13.0"
    resolve "^1.22.0"

ansi-styles@^3.2.1:
  version "3.2.1"
  resolved "https://registry.npmmirror.com/ansi-styles/-/ansi-styles-3.2.1.tgz"
  dependencies:
    color-convert "^1.9.0"

browserslist@^4.20.2:
  version "4.20.3"
  resolved "https://registry.npmmirror.com/browserslist/-/browserslist-4.20.3.tgz"
  dependencies:
    caniuse-lite "^1.0.30001332"
    electron-to-chromium "^1.4.118"
    escalade "^3.1.1"
    node-releases "^2.0.3"
    picocolors "^1.0.0"

caniuse-lite@^1.0.30001332:
  version "1.0.30001335"
  resolved "https://registry.npmmirror.com/caniuse-lite/-/caniuse-lite-1.0.30001335.tgz"

chalk@^2.0.0:
  version "2.4.2"
  resolved "https://registry.npmmirror.com/chalk/-/chalk-2.4.2.tgz"
  dependencies:
    ansi-styles "^3.2.1"
    escape-string-regexp "^1.0.5"
    supports-color "^5.3.0"

color-convert@^1.9.0:
  version "1.9.3"
  resolved "https://registry.npmmirror.com/color-convert/-/color-convert-1.9.3.tgz"
  dependencies:
    color-name "1.1.3"

color-name@1.1.3:
  version "1.1.3"
  resolved "https://registry.npmmirror.com/color-name/-/color-name-1.1.3.tgz"

convert-source-map@^1.7.0:
  version "1.8.0"
  resolved "https://registry.npmmirror.com/convert-source-map/-/convert-source-map-1.8.0.tgz"
  dependencies:
    safe-buffer "~5.1.1"

csstype@^3.0.2:
  version "3.0.11"
  resolved "https://registry.npmmirror.com/csstype/-/csstype-3.0.11.tgz"

debug@^4.1.0:
  version "4.3.4"
  resolved "https://registry.npmmirror.com/debug/-/debug-4.3.4.tgz"
  dependencies:
    ms "2.1.2"

electron-to-chromium@^1.4.118:
  version "1.4.131"
  resolved "https://registry.npmmirror.com/electron-to-chromium/-/electron-to-chromium-1.4.131.tgz"

esbuild-android-64@0.14.38:
  version "0.14.38"
  resolved "https://registry.npmmirror.com/esbuild-android-64/-/esbuild-android-64-0.14.38.tgz#5b94a1306df31d55055f64a62ff6b763a47b7f64"

esbuild-android-arm64@0.14.38:
  version "0.14.38"
  resolved "https://registry.npmmirror.com/esbuild-android-arm64/-/esbuild-android-arm64-0.14.38.tgz#78acc80773d16007de5219ccce544c036abd50b8"

esbuild-darwin-64@0.14.38:
  version "0.14.38"
  resolved "https://registry.npmmirror.com/esbuild-darwin-64/-/esbuild-darwin-64-0.14.38.tgz#e02b1291f629ebdc2aa46fabfacc9aa28ff6aa46"

esbuild-darwin-arm64@0.14.38:
  version "0.14.38"
  resolved "https://registry.npmmirror.com/esbuild-darwin-arm64/-/esbuild-darwin-arm64-0.14.38.tgz#01eb6650ec010b18c990e443a6abcca1d71290a9"

esbuild-freebsd-64@0.14.38:
  version "0.14.38"
  resolved "https://registry.npmmirror.com/esbuild-freebsd-64/-/esbuild-freebsd-64-0.14.38.tgz#790b8786729d4aac7be17648f9ea8e0e16475b5e"

esbuild-freebsd-arm64@0.14.38:
  version "0.14.38"
  resolved "https://registry.npmmirror.com/esbuild-freebsd-arm64/-/esbuild-freebsd-arm64-0.14.38.tgz#b66340ab28c09c1098e6d9d8ff656db47d7211e6"

esbuild-linux-32@0.14.38:
  version "0.14.38"
  resolved "https://registry.npmmirror.com/esbuild-linux-32/-/esbuild-linux-32-0.14.38.tgz#7927f950986fd39f0ff319e92839455912b67f70"

esbuild-linux-64@0.14.38:
  version "0.14.38"
  resolved "https://registry.npmmirror.com/esbuild-linux-64/-/esbuild-linux-64-0.14.38.tgz#4893d07b229d9cfe34a2b3ce586399e73c3ac519"

esbuild-linux-arm64@0.14.38:
  version "0.14.38"
  resolved "https://registry.npmmirror.com/esbuild-linux-arm64/-/esbuild-linux-arm64-0.14.38.tgz#8442402e37d0b8ae946ac616784d9c1a2041056a"

esbuild-linux-arm@0.14.38:
  version "0.14.38"
  resolved "https://registry.npmmirror.com/esbuild-linux-arm/-/esbuild-linux-arm-0.14.38.tgz#d5dbf32d38b7f79be0ec6b5fb2f9251fd9066986"

esbuild-linux-mips64le@0.14.38:
  version "0.14.38"
  resolved "https://registry.npmmirror.com/esbuild-linux-mips64le/-/esbuild-linux-mips64le-0.14.38.tgz#95081e42f698bbe35d8ccee0e3a237594b337eb5"

esbuild-linux-ppc64le@0.14.38:
  version "0.14.38"
  resolved "https://registry.npmmirror.com/esbuild-linux-ppc64le/-/esbuild-linux-ppc64le-0.14.38.tgz#dceb0a1b186f5df679618882a7990bd422089b47"

esbuild-linux-riscv64@0.14.38:
  version "0.14.38"
  resolved "https://registry.npmmirror.com/esbuild-linux-riscv64/-/esbuild-linux-riscv64-0.14.38.tgz#61fb8edb75f475f9208c4a93ab2bfab63821afd2"

esbuild-linux-s390x@0.14.38:
  version "0.14.38"
  resolved "https://registry.npmmirror.com/esbuild-linux-s390x/-/esbuild-linux-s390x-0.14.38.tgz#34c7126a4937406bf6a5e69100185fd702d12fe0"

esbuild-netbsd-64@0.14.38:
  version "0.14.38"
  resolved "https://registry.npmmirror.com/esbuild-netbsd-64/-/esbuild-netbsd-64-0.14.38.tgz#322ea9937d9e529183ee281c7996b93eb38a5d95"

esbuild-openbsd-64@0.14.38:
  version "0.14.38"
  resolved "https://registry.npmmirror.com/esbuild-openbsd-64/-/esbuild-openbsd-64-0.14.38.tgz#1ca29bb7a2bf09592dcc26afdb45108f08a2cdbd"

esbuild-sunos-64@0.14.38:
  version "0.14.38"
  resolved "https://registry.npmmirror.com/esbuild-sunos-64/-/esbuild-sunos-64-0.14.38.tgz#c9446f7d8ebf45093e7bb0e7045506a88540019b"

esbuild-windows-32@0.14.38:
  version "0.14.38"
  resolved "https://registry.npmmirror.com/esbuild-windows-32/-/esbuild-windows-32-0.14.38.tgz#f8e9b4602fd0ccbd48e5c8d117ec0ba4040f2ad1"

esbuild-windows-64@0.14.38:
  version "0.14.38"
  resolved "https://registry.npmmirror.com/esbuild-windows-64/-/esbuild-windows-64-0.14.38.tgz"

esbuild-windows-arm64@0.14.38:
  version "0.14.38"
  resolved "https://registry.npmmirror.com/esbuild-windows-arm64/-/esbuild-windows-arm64-0.14.38.tgz#d97e9ac0f95a4c236d9173fa9f86c983d6a53f54"

esbuild@^0.14.27:
  version "0.14.38"
  resolved "https://registry.npmmirror.com/esbuild/-/esbuild-0.14.38.tgz"
  optionalDependencies:
    esbuild-android-64 "0.14.38"
    esbuild-android-arm64 "0.14.38"
    esbuild-darwin-64 "0.14.38"
    esbuild-darwin-arm64 "0.14.38"
    esbuild-freebsd-64 "0.14.38"
    esbuild-freebsd-arm64 "0.14.38"
    esbuild-linux-32 "0.14.38"
    esbuild-linux-64 "0.14.38"
    esbuild-linux-arm "0.14.38"
    esbuild-linux-arm64 "0.14.38"
    esbuild-linux-mips64le "0.14.38"
    esbuild-linux-ppc64le "0.14.38"
    esbuild-linux-riscv64 "0.14.38"
    esbuild-linux-s390x "0.14.38"
    esbuild-netbsd-64 "0.14.38"
    esbuild-openbsd-64 "0.14.38"
    esbuild-sunos-64 "0.14.38"
    esbuild-windows-32 "0.14.38"
    esbuild-windows-64 "0.14.38"
    esbuild-windows-arm64 "0.14.38"

escalade@^3.1.1:
  version "3.1.1"
  resolved "https://registry.npmmirror.com/escalade/-/escalade-3.1.1.tgz"

escape-string-regexp@^1.0.5:
  version "1.0.5"
  resolved "https://registry.npmmirror.com/escape-string-regexp/-/escape-string-regexp-1.0.5.tgz"

estree-walker@^2.0.1:
  version "2.0.2"
  resolved "https://registry.npmmirror.com/estree-walker/-/estree-walker-2.0.2.tgz"

fsevents@~2.3.2:
  version "2.3.2"
  resolved "https://registry.npmmirror.com/fsevents/-/fsevents-2.3.2.tgz#8a526f78b8fdf4623b709e0b975c52c24c02fd1a"

function-bind@^1.1.1:
  version "1.1.1"
  resolved "https://registry.npmmirror.com/function-bind/-/function-bind-1.1.1.tgz"

gensync@^1.0.0-beta.2:
  version "1.0.0-beta.2"
  resolved "https://registry.npmmirror.com/gensync/-/gensync-1.0.0-beta.2.tgz"

globals@^11.1.0:
  version "11.12.0"
  resolved "https://registry.npmmirror.com/globals/-/globals-11.12.0.tgz"

has-flag@^3.0.0:
  version "3.0.0"
  resolved "https://registry.npmmirror.com/has-flag/-/has-flag-3.0.0.tgz"

has@^1.0.3:
  version "1.0.3"
  resolved "https://registry.npmmirror.com/has/-/has-1.0.3.tgz"
  dependencies:
    function-bind "^1.1.1"

history@^5.2.0:
  version "5.3.0"
  resolved "https://registry.npmmirror.com/history/-/history-5.3.0.tgz"
  dependencies:
    "@babel/runtime" "^7.7.6"

is-core-module@^2.8.1:
  version "2.9.0"
  resolved "https://registry.npmmirror.com/is-core-module/-/is-core-module-2.9.0.tgz"
  dependencies:
    has "^1.0.3"

"js-tokens@^3.0.0 || ^4.0.0", js-tokens@^4.0.0:
  version "4.0.0"
  resolved "https://registry.npmmirror.com/js-tokens/-/js-tokens-4.0.0.tgz"

jsesc@^2.5.1:
  version "2.5.2"
  resolved "https://registry.npmmirror.com/jsesc/-/jsesc-2.5.2.tgz"

json5@^2.2.1:
  version "2.2.3"
  resolved "https://registry.yarnpkg.com/json5/-/json5-2.2.3.tgz#78cd6f1a19bdc12b73db5ad0c61efd66c1e29283"

loose-envify@^1.1.0:
  version "1.4.0"
  resolved "https://registry.npmmirror.com/loose-envify/-/loose-envify-1.4.0.tgz"
  dependencies:
    js-tokens "^3.0.0 || ^4.0.0"

ms@2.1.2:
  version "2.1.2"
  resolved "https://registry.npmmirror.com/ms/-/ms-2.1.2.tgz"

nanoid@^3.3.3:
  version "3.3.4"
  resolved "https://registry.npmmirror.com/nanoid/-/nanoid-3.3.4.tgz"

node-releases@^2.0.3:
  version "2.0.4"
  resolved "https://registry.npmmirror.com/node-releases/-/node-releases-2.0.4.tgz"

path-parse@^1.0.7:
  version "1.0.7"
  resolved "https://registry.npmmirror.com/path-parse/-/path-parse-1.0.7.tgz"

picocolors@^1.0.0:
  version "1.0.0"
  resolved "https://registry.npmmirror.com/picocolors/-/picocolors-1.0.0.tgz"

picomatch@^2.2.2:
  version "2.3.1"
  resolved "https://registry.npmmirror.com/picomatch/-/picomatch-2.3.1.tgz"

postcss@^8.4.13:
  version "8.4.13"
  resolved "https://registry.npmmirror.com/postcss/-/postcss-8.4.13.tgz"
  dependencies:
    nanoid "^3.3.3"
    picocolors "^1.0.0"
    source-map-js "^1.0.2"

react-dom@^18.0.0:
  version "18.1.0"
  resolved "https://registry.npmmirror.com/react-dom/-/react-dom-18.1.0.tgz"
  dependencies:
    loose-envify "^1.1.0"
    scheduler "^0.22.0"

react-refresh@^0.13.0:
  version "0.13.0"
  resolved "https://registry.npmmirror.com/react-refresh/-/react-refresh-0.13.0.tgz"

react-router-dom@^6.3.0:
  version "6.3.0"
  resolved "https://registry.npmmirror.com/react-router-dom/-/react-router-dom-6.3.0.tgz"
  dependencies:
    history "^5.2.0"
    react-router "6.3.0"

react-router@6.3.0:
  version "6.3.0"
  resolved "https://registry.npmmirror.com/react-router/-/react-router-6.3.0.tgz"
  dependencies:
    history "^5.2.0"

react@^18.0.0:
  version "18.1.0"
  resolved "https://registry.npmmirror.com/react/-/react-18.1.0.tgz"
  dependencies:
    loose-envify "^1.1.0"

regenerator-runtime@^0.13.4:
  version "0.13.9"
  resolved "https://registry.npmmirror.com/regenerator-runtime/-/regenerator-runtime-0.13.9.tgz"

resolve@^1.22.0:
  version "1.22.0"
  resolved "https://registry.npmmirror.com/resolve/-/resolve-1.22.0.tgz"
  dependencies:
    is-core-module "^2.8.1"
    path-parse "^1.0.7"
    supports-preserve-symlinks-flag "^1.0.0"

rollup@^2.59.0:
  version "2.71.1"
  resolved "https://registry.npmmirror.com/rollup/-/rollup-2.71.1.tgz"
  optionalDependencies:
    fsevents "~2.3.2"

safe-buffer@~5.1.1:
  version "5.1.2"
  resolved "https://registry.npmmirror.com/safe-buffer/-/safe-buffer-5.1.2.tgz"

scheduler@^0.22.0:
  version "0.22.0"
  resolved "https://registry.npmmirror.com/scheduler/-/scheduler-0.22.0.tgz"
  dependencies:
    loose-envify "^1.1.0"

semver@^6.3.0:
  version "6.3.0"
  resolved "https://registry.npmmirror.com/semver/-/semver-6.3.0.tgz"

source-map-js@^1.0.2:
  version "1.0.2"
  resolved "https://registry.npmmirror.com/source-map-js/-/source-map-js-1.0.2.tgz"

supports-color@^5.3.0:
  version "5.5.0"
  resolved "https://registry.npmmirror.com/supports-color/-/supports-color-5.5.0.tgz"
  dependencies:
    has-flag "^3.0.0"

supports-preserve-symlinks-flag@^1.0.0:
  version "1.0.0"
  resolved "https://registry.npmmirror.com/supports-preserve-symlinks-flag/-/supports-preserve-symlinks-flag-1.0.0.tgz"

to-fast-properties@^2.0.0:
  version "2.0.0"
  resolved "https://registry.npmmirror.com/to-fast-properties/-/to-fast-properties-2.0.0.tgz"

typescript@^4.6.3:
  version "4.6.4"
  resolved "https://registry.npmmirror.com/typescript/-/typescript-4.6.4.tgz"

vite@^2.9.7:
  version "2.9.7"
  resolved "https://registry.npmmirror.com/vite/-/vite-2.9.7.tgz"
  dependencies:
    esbuild "^0.14.27"
    postcss "^8.4.13"
    resolve "^1.22.0"
    rollup "^2.59.0"
  optionalDependencies:
    fsevents "~2.3.2"
